// !$*UTF8*$!
{
	archiveVersion = 1;
	classes = {
	};
	objectVersion = 51;
	objects = {

/* Begin PBXBuildFile section */
		551CDFC7265B86B6008DD945 /* SearchCityNameVM.swift in Sources */ = {isa = PBXBuildFile; fileRef = 551CDFC6265B86B6008DD945 /* SearchCityNameVM.swift */; };
		551CDFDF265C03C6008DD945 /* Constants.swift in Sources */ = {isa = PBXBuildFile; fileRef = 551CDFDE265C03C6008DD945 /* Constants.swift */; };
		551CDFE4265C083C008DD945 /* API.swift in Sources */ = {isa = PBXBuildFile; fileRef = 551CDFE1265C083C008DD945 /* API.swift */; };
		551CDFE5265C083C008DD945 /* APIConfiguration.swift in Sources */ = {isa = PBXBuildFile; fileRef = 551CDFE2265C083C008DD945 /* APIConfiguration.swift */; };
		551CDFE6265C083C008DD945 /* APIRequest.swift in Sources */ = {isa = PBXBuildFile; fileRef = 551CDFE3265C083C008DD945 /* APIRequest.swift */; };
		551CDFE8265C1796008DD945 /* UIViewController+Extensions.swift in Sources */ = {isa = PBXBuildFile; fileRef = 551CDFE7265C1796008DD945 /* UIViewController+Extensions.swift */; };
		551CDFEA265C2667008DD945 /* CustomTableViewCell.swift in Sources */ = {isa = PBXBuildFile; fileRef = 551CDFE9265C2667008DD945 /* CustomTableViewCell.swift */; };
		551CDFEC265C3909008DD945 /* SearchCityName.storyboard in Resources */ = {isa = PBXBuildFile; fileRef = 551CDFEB265C3909008DD945 /* SearchCityName.storyboard */; };
		5566712B265ACCA600E12EF9 /* SearchCityNameVC.swift in Sources */ = {isa = PBXBuildFile; fileRef = 5566712A265ACCA600E12EF9 /* SearchCityNameVC.swift */; };
		5566712E265ACDA700E12EF9 /* AutoCompleteLocationCustomTableViewCell.swift in Sources */ = {isa = PBXBuildFile; fileRef = 5566712D265ACDA700E12EF9 /* AutoCompleteLocationCustomTableViewCell.swift */; };
		55667130265ACDC800E12EF9 /* CodableStructures.swift in Sources */ = {isa = PBXBuildFile; fileRef = 5566712F265ACDC800E12EF9 /* CodableStructures.swift */; };
		55667133265ACE1800E12EF9 /* CustomCollectionViewCell.swift in Sources */ = {isa = PBXBuildFile; fileRef = 55667132265ACE1800E12EF9 /* CustomCollectionViewCell.swift */; };
		55667136265ACEEA00E12EF9 /* Int+Extension.swift in Sources */ = {isa = PBXBuildFile; fileRef = 55667135265ACEEA00E12EF9 /* Int+Extension.swift */; };
		55667138265ACF2C00E12EF9 /* UIImageView+Extension.swift in Sources */ = {isa = PBXBuildFile; fileRef = 55667137265ACF2C00E12EF9 /* UIImageView+Extension.swift */; };
		55667140265AD2F400E12EF9 /* Router.swift in Sources */ = {isa = PBXBuildFile; fileRef = 5566713F265AD2F400E12EF9 /* Router.swift */; };
		55667143265AD39800E12EF9 /* R.generated.swift in Sources */ = {isa = PBXBuildFile; fileRef = 55667142265AD39800E12EF9 /* R.generated.swift */; };
		55667145265AE36100E12EF9 /* Date+Extension.swift in Sources */ = {isa = PBXBuildFile; fileRef = 55667144265AE36100E12EF9 /* Date+Extension.swift */; };
		55667147265AE42100E12EF9 /* WeatherVM.swift in Sources */ = {isa = PBXBuildFile; fileRef = 55667146265AE42100E12EF9 /* WeatherVM.swift */; };
		559F70FA2659818D00EAE259 /* AppDelegate.swift in Sources */ = {isa = PBXBuildFile; fileRef = 559F70F92659818D00EAE259 /* AppDelegate.swift */; };
		559F70FE2659818D00EAE259 /* ViewController.swift in Sources */ = {isa = PBXBuildFile; fileRef = 559F70FD2659818D00EAE259 /* ViewController.swift */; };
		559F71012659818D00EAE259 /* Weather.storyboard in Resources */ = {isa = PBXBuildFile; fileRef = 559F70FF2659818D00EAE259 /* Weather.storyboard */; };
		559F71032659819000EAE259 /* Assets.xcassets in Resources */ = {isa = PBXBuildFile; fileRef = 559F71022659819000EAE259 /* Assets.xcassets */; };
		559F71062659819000EAE259 /* LaunchScreen.storyboard in Resources */ = {isa = PBXBuildFile; fileRef = 559F71042659819000EAE259 /* LaunchScreen.storyboard */; };
		559F7115265982E000EAE259 /* WeatherVC.swift in Sources */ = {isa = PBXBuildFile; fileRef = 559F7114265982E000EAE259 /* WeatherVC.swift */; };
		559F71172659834700EAE259 /* ViewModel.swift in Sources */ = {isa = PBXBuildFile; fileRef = 559F71162659834700EAE259 /* ViewModel.swift */; };
		C8DA394C28DC4B0A1036139E /* Pods_WeatherApp.framework in Frameworks */ = {isa = PBXBuildFile; fileRef = 49025AB597D04B80D23AB713 /* Pods_WeatherApp.framework */; };
/* End PBXBuildFile section */

/* Begin PBXFileReference section */
		49025AB597D04B80D23AB713 /* Pods_WeatherApp.framework */ = {isa = PBXFileReference; explicitFileType = wrapper.framework; includeInIndex = 0; path = Pods_WeatherApp.framework; sourceTree = BUILT_PRODUCTS_DIR; };
		551CDFC6265B86B6008DD945 /* SearchCityNameVM.swift */ = {isa = PBXFileReference; lastKnownFileType = sourcecode.swift; path = SearchCityNameVM.swift; sourceTree = "<group>"; };
		551CDFDE265C03C6008DD945 /* Constants.swift */ = {isa = PBXFileReference; lastKnownFileType = sourcecode.swift; path = Constants.swift; sourceTree = "<group>"; };
		551CDFE1265C083C008DD945 /* API.swift */ = {isa = PBXFileReference; fileEncoding = 4; lastKnownFileType = sourcecode.swift; path = API.swift; sourceTree = "<group>"; };
		551CDFE2265C083C008DD945 /* APIConfiguration.swift */ = {isa = PBXFileReference; fileEncoding = 4; lastKnownFileType = sourcecode.swift; path = APIConfiguration.swift; sourceTree = "<group>"; };
		551CDFE3265C083C008DD945 /* APIRequest.swift */ = {isa = PBXFileReference; fileEncoding = 4; lastKnownFileType = sourcecode.swift; path = APIRequest.swift; sourceTree = "<group>"; };
		551CDFE7265C1796008DD945 /* UIViewController+Extensions.swift */ = {isa = PBXFileReference; lastKnownFileType = sourcecode.swift; path = "UIViewController+Extensions.swift"; sourceTree = "<group>"; };
		551CDFE9265C2667008DD945 /* CustomTableViewCell.swift */ = {isa = PBXFileReference; lastKnownFileType = sourcecode.swift; path = CustomTableViewCell.swift; sourceTree = "<group>"; };
		551CDFEB265C3909008DD945 /* SearchCityName.storyboard */ = {isa = PBXFileReference; lastKnownFileType = file.storyboard; path = SearchCityName.storyboard; sourceTree = "<group>"; };
		5566712A265ACCA600E12EF9 /* SearchCityNameVC.swift */ = {isa = PBXFileReference; lastKnownFileType = sourcecode.swift; path = SearchCityNameVC.swift; sourceTree = "<group>"; };
		5566712D265ACDA700E12EF9 /* AutoCompleteLocationCustomTableViewCell.swift */ = {isa = PBXFileReference; lastKnownFileType = sourcecode.swift; path = AutoCompleteLocationCustomTableViewCell.swift; sourceTree = "<group>"; };
		5566712F265ACDC800E12EF9 /* CodableStructures.swift */ = {isa = PBXFileReference; lastKnownFileType = sourcecode.swift; path = CodableStructures.swift; sourceTree = "<group>"; };
		55667132265ACE1800E12EF9 /* CustomCollectionViewCell.swift */ = {isa = PBXFileReference; lastKnownFileType = sourcecode.swift; path = CustomCollectionViewCell.swift; sourceTree = "<group>"; };
		55667135265ACEEA00E12EF9 /* Int+Extension.swift */ = {isa = PBXFileReference; lastKnownFileType = sourcecode.swift; path = "Int+Extension.swift"; sourceTree = "<group>"; };
		55667137265ACF2C00E12EF9 /* UIImageView+Extension.swift */ = {isa = PBXFileReference; lastKnownFileType = sourcecode.swift; path = "UIImageView+Extension.swift"; sourceTree = "<group>"; };
		5566713F265AD2F400E12EF9 /* Router.swift */ = {isa = PBXFileReference; lastKnownFileType = sourcecode.swift; path = Router.swift; sourceTree = "<group>"; };
		55667142265AD39800E12EF9 /* R.generated.swift */ = {isa = PBXFileReference; fileEncoding = 4; lastKnownFileType = sourcecode.swift; path = R.generated.swift; sourceTree = SOURCE_ROOT; };
		55667144265AE36100E12EF9 /* Date+Extension.swift */ = {isa = PBXFileReference; lastKnownFileType = sourcecode.swift; path = "Date+Extension.swift"; sourceTree = "<group>"; };
		55667146265AE42100E12EF9 /* WeatherVM.swift */ = {isa = PBXFileReference; lastKnownFileType = sourcecode.swift; path = WeatherVM.swift; sourceTree = "<group>"; };
		559F70F62659818D00EAE259 /* WeatherApp.app */ = {isa = PBXFileReference; explicitFileType = wrapper.application; includeInIndex = 0; path = WeatherApp.app; sourceTree = BUILT_PRODUCTS_DIR; };
		559F70F92659818D00EAE259 /* AppDelegate.swift */ = {isa = PBXFileReference; lastKnownFileType = sourcecode.swift; path = AppDelegate.swift; sourceTree = "<group>"; };
		559F70FD2659818D00EAE259 /* ViewController.swift */ = {isa = PBXFileReference; lastKnownFileType = sourcecode.swift; path = ViewController.swift; sourceTree = "<group>"; };
		559F71002659818D00EAE259 /* Base */ = {isa = PBXFileReference; lastKnownFileType = file.storyboard; name = Base; path = Base.lproj/Weather.storyboard; sourceTree = "<group>"; };
		559F71022659819000EAE259 /* Assets.xcassets */ = {isa = PBXFileReference; lastKnownFileType = folder.assetcatalog; path = Assets.xcassets; sourceTree = "<group>"; };
		559F71052659819000EAE259 /* Base */ = {isa = PBXFileReference; lastKnownFileType = file.storyboard; name = Base; path = Base.lproj/LaunchScreen.storyboard; sourceTree = "<group>"; };
		559F71072659819000EAE259 /* Info.plist */ = {isa = PBXFileReference; lastKnownFileType = text.plist.xml; path = Info.plist; sourceTree = "<group>"; };
		559F7114265982E000EAE259 /* WeatherVC.swift */ = {isa = PBXFileReference; lastKnownFileType = sourcecode.swift; path = WeatherVC.swift; sourceTree = "<group>"; };
		559F71162659834700EAE259 /* ViewModel.swift */ = {isa = PBXFileReference; lastKnownFileType = sourcecode.swift; path = ViewModel.swift; sourceTree = "<group>"; };
		820BCF639A747EFCD1529CAC /* Pods-WeatherApp.release.xcconfig */ = {isa = PBXFileReference; includeInIndex = 1; lastKnownFileType = text.xcconfig; name = "Pods-WeatherApp.release.xcconfig"; path = "Target Support Files/Pods-WeatherApp/Pods-WeatherApp.release.xcconfig"; sourceTree = "<group>"; };
		A055884E8A360A2BA26F2311 /* Pods-WeatherApp.debug.xcconfig */ = {isa = PBXFileReference; includeInIndex = 1; lastKnownFileType = text.xcconfig; name = "Pods-WeatherApp.debug.xcconfig"; path = "Target Support Files/Pods-WeatherApp/Pods-WeatherApp.debug.xcconfig"; sourceTree = "<group>"; };
/* End PBXFileReference section */

/* Begin PBXFrameworksBuildPhase section */
		559F70F32659818D00EAE259 /* Frameworks */ = {
			isa = PBXFrameworksBuildPhase;
			buildActionMask = 2147483647;
			files = (
				C8DA394C28DC4B0A1036139E /* Pods_WeatherApp.framework in Frameworks */,
			);
			runOnlyForDeploymentPostprocessing = 0;
		};
/* End PBXFrameworksBuildPhase section */

/* Begin PBXGroup section */
		551CDFE0265C0805008DD945 /* API */ = {
			isa = PBXGroup;
			children = (
				551CDFE1265C083C008DD945 /* API.swift */,
				551CDFE2265C083C008DD945 /* APIConfiguration.swift */,
				551CDFE3265C083C008DD945 /* APIRequest.swift */,
			);
			path = API;
			sourceTree = "<group>";
		};
		55667127265ACC5600E12EF9 /* SearchCityName */ = {
			isa = PBXGroup;
			children = (
				5566712C265ACD8A00E12EF9 /* Cells */,
				5566712A265ACCA600E12EF9 /* SearchCityNameVC.swift */,
				551CDFC6265B86B6008DD945 /* SearchCityNameVM.swift */,
				551CDFEB265C3909008DD945 /* SearchCityName.storyboard */,
			);
			path = SearchCityName;
			sourceTree = "<group>";
		};
		5566712C265ACD8A00E12EF9 /* Cells */ = {
			isa = PBXGroup;
			children = (
				5566712D265ACDA700E12EF9 /* AutoCompleteLocationCustomTableViewCell.swift */,
			);
			path = Cells;
			sourceTree = "<group>";
		};
		55667131265ACE0C00E12EF9 /* Cells */ = {
			isa = PBXGroup;
			children = (
				55667132265ACE1800E12EF9 /* CustomCollectionViewCell.swift */,
				551CDFE9265C2667008DD945 /* CustomTableViewCell.swift */,
			);
			path = Cells;
			sourceTree = "<group>";
		};
		55667134265ACEBC00E12EF9 /* Extension */ = {
			isa = PBXGroup;
			children = (
				55667135265ACEEA00E12EF9 /* Int+Extension.swift */,
				55667137265ACF2C00E12EF9 /* UIImageView+Extension.swift */,
				55667144265AE36100E12EF9 /* Date+Extension.swift */,
				551CDFE7265C1796008DD945 /* UIViewController+Extensions.swift */,
			);
			path = Extension;
			sourceTree = "<group>";
		};
		55667139265AD0A000E12EF9 /* Helper */ = {
			isa = PBXGroup;
			children = (
				551CDFDE265C03C6008DD945 /* Constants.swift */,
			);
			path = Helper;
			sourceTree = "<group>";
		};
		5566713E265AD2EA00E12EF9 /* Router */ = {
			isa = PBXGroup;
			children = (
				5566713F265AD2F400E12EF9 /* Router.swift */,
			);
			path = Router;
			sourceTree = "<group>";
		};
		559F70ED2659818D00EAE259 = {
			isa = PBXGroup;
			children = (
				559F70F82659818D00EAE259 /* WeatherApp */,
				559F70F72659818D00EAE259 /* Products */,
				F46D9312AC88AF742046D6F6 /* Pods */,
				779699F499999E09CC428C90 /* Frameworks */,
			);
			sourceTree = "<group>";
		};
		559F70F72659818D00EAE259 /* Products */ = {
			isa = PBXGroup;
			children = (
				559F70F62659818D00EAE259 /* WeatherApp.app */,
			);
			name = Products;
			sourceTree = "<group>";
		};
		559F70F82659818D00EAE259 /* WeatherApp */ = {
			isa = PBXGroup;
			children = (
				559F710D265981F100EAE259 /* Application */,
				559F710E2659822C00EAE259 /* Controllers */,
				559F71112659824800EAE259 /* Utility */,
				559F71102659823E00EAE259 /* Resources */,
				559F710F2659823500EAE259 /* Models */,
			);
			path = WeatherApp;
			sourceTree = "<group>";
		};
		559F710D265981F100EAE259 /* Application */ = {
			isa = PBXGroup;
			children = (
				559F71072659819000EAE259 /* Info.plist */,
				559F71042659819000EAE259 /* LaunchScreen.storyboard */,
				559F70F92659818D00EAE259 /* AppDelegate.swift */,
			);
			path = Application;
			sourceTree = "<group>";
		};
		559F710E2659822C00EAE259 /* Controllers */ = {
			isa = PBXGroup;
			children = (
				55667127265ACC5600E12EF9 /* SearchCityName */,
				559F7113265982AD00EAE259 /* Weather */,
				559F71122659829C00EAE259 /* ViewController */,
			);
			path = Controllers;
			sourceTree = "<group>";
		};
		559F710F2659823500EAE259 /* Models */ = {
			isa = PBXGroup;
			children = (
				5566712F265ACDC800E12EF9 /* CodableStructures.swift */,
			);
			path = Models;
			sourceTree = "<group>";
		};
		559F71102659823E00EAE259 /* Resources */ = {
			isa = PBXGroup;
			children = (
				55667142265AD39800E12EF9 /* R.generated.swift */,
				559F71022659819000EAE259 /* Assets.xcassets */,
			);
			path = Resources;
			sourceTree = "<group>";
		};
		559F71112659824800EAE259 /* Utility */ = {
			isa = PBXGroup;
			children = (
				551CDFE0265C0805008DD945 /* API */,
				5566713E265AD2EA00E12EF9 /* Router */,
				55667139265AD0A000E12EF9 /* Helper */,
				55667134265ACEBC00E12EF9 /* Extension */,
			);
			path = Utility;
			sourceTree = "<group>";
		};
		559F71122659829C00EAE259 /* ViewController */ = {
			isa = PBXGroup;
			children = (
				559F70FD2659818D00EAE259 /* ViewController.swift */,
				559F71162659834700EAE259 /* ViewModel.swift */,
			);
			path = ViewController;
			sourceTree = "<group>";
		};
		559F7113265982AD00EAE259 /* Weather */ = {
			isa = PBXGroup;
			children = (
				55667131265ACE0C00E12EF9 /* Cells */,
				559F70FF2659818D00EAE259 /* Weather.storyboard */,
				559F7114265982E000EAE259 /* WeatherVC.swift */,
				55667146265AE42100E12EF9 /* WeatherVM.swift */,
			);
			path = Weather;
			sourceTree = "<group>";
		};
		779699F499999E09CC428C90 /* Frameworks */ = {
			isa = PBXGroup;
			children = (
				49025AB597D04B80D23AB713 /* Pods_WeatherApp.framework */,
			);
			name = Frameworks;
			sourceTree = "<group>";
		};
		F46D9312AC88AF742046D6F6 /* Pods */ = {
			isa = PBXGroup;
			children = (
				A055884E8A360A2BA26F2311 /* Pods-WeatherApp.debug.xcconfig */,
				820BCF639A747EFCD1529CAC /* Pods-WeatherApp.release.xcconfig */,
			);
			path = Pods;
			sourceTree = "<group>";
		};
/* End PBXGroup section */

/* Begin PBXNativeTarget section */
		559F70F52659818D00EAE259 /* WeatherApp */ = {
			isa = PBXNativeTarget;
			buildConfigurationList = 559F710A2659819000EAE259 /* Build configuration list for PBXNativeTarget "WeatherApp" */;
			buildPhases = (
				4990C86DC5F95358A167C586 /* [CP] Check Pods Manifest.lock */,
				55667141265AD31D00E12EF9 /* R.Swift */,
				559F70F22659818D00EAE259 /* Sources */,
				559F70F32659818D00EAE259 /* Frameworks */,
				559F70F42659818D00EAE259 /* Resources */,
				2A642BA0EB40B93E70B7A477 /* [CP] Embed Pods Frameworks */,
			);
			buildRules = (
			);
			dependencies = (
			);
			name = WeatherApp;
			productName = WeatherApp;
			productReference = 559F70F62659818D00EAE259 /* WeatherApp.app */;
			productType = "com.apple.product-type.application";
		};
/* End PBXNativeTarget section */

/* Begin PBXProject section */
		559F70EE2659818D00EAE259 /* Project object */ = {
			isa = PBXProject;
			attributes = {
				LastSwiftUpdateCheck = 1250;
				LastUpgradeCheck = 1250;
				TargetAttributes = {
					559F70F52659818D00EAE259 = {
						CreatedOnToolsVersion = 12.5;
					};
				};
			};
			buildConfigurationList = 559F70F12659818D00EAE259 /* Build configuration list for PBXProject "WeatherApp" */;
			compatibilityVersion = "Xcode 9.3";
			developmentRegion = en;
			hasScannedForEncodings = 0;
			knownRegions = (
				en,
				Base,
			);
			mainGroup = 559F70ED2659818D00EAE259;
			productRefGroup = 559F70F72659818D00EAE259 /* Products */;
			projectDirPath = "";
			projectRoot = "";
			targets = (
				559F70F52659818D00EAE259 /* WeatherApp */,
			);
		};
/* End PBXProject section */

/* Begin PBXResourcesBuildPhase section */
		559F70F42659818D00EAE259 /* Resources */ = {
			isa = PBXResourcesBuildPhase;
			buildActionMask = 2147483647;
			files = (
				551CDFEC265C3909008DD945 /* SearchCityName.storyboard in Resources */,
				559F71062659819000EAE259 /* LaunchScreen.storyboard in Resources */,
				559F71032659819000EAE259 /* Assets.xcassets in Resources */,
				559F71012659818D00EAE259 /* Weather.storyboard in Resources */,
			);
			runOnlyForDeploymentPostprocessing = 0;
		};
/* End PBXResourcesBuildPhase section */

/* Begin PBXShellScriptBuildPhase section */
		2A642BA0EB40B93E70B7A477 /* [CP] Embed Pods Frameworks */ = {
			isa = PBXShellScriptBuildPhase;
			buildActionMask = 2147483647;
			files = (
			);
			inputFileListPaths = (
				"${PODS_ROOT}/Target Support Files/Pods-WeatherApp/Pods-WeatherApp-frameworks-${CONFIGURATION}-input-files.xcfilelist",
			);
			name = "[CP] Embed Pods Frameworks";
			outputFileListPaths = (
				"${PODS_ROOT}/Target Support Files/Pods-WeatherApp/Pods-WeatherApp-frameworks-${CONFIGURATION}-output-files.xcfilelist",
			);
			runOnlyForDeploymentPostprocessing = 0;
			shellPath = /bin/sh;
			shellScript = "\"${PODS_ROOT}/Target Support Files/Pods-WeatherApp/Pods-WeatherApp-frameworks.sh\"\n";
			showEnvVarsInLog = 0;
		};
		4990C86DC5F95358A167C586 /* [CP] Check Pods Manifest.lock */ = {
			isa = PBXShellScriptBuildPhase;
			buildActionMask = 2147483647;
			files = (
			);
			inputFileListPaths = (
			);
			inputPaths = (
				"${PODS_PODFILE_DIR_PATH}/Podfile.lock",
				"${PODS_ROOT}/Manifest.lock",
			);
			name = "[CP] Check Pods Manifest.lock";
			outputFileListPaths = (
			);
			outputPaths = (
				"$(DERIVED_FILE_DIR)/Pods-WeatherApp-checkManifestLockResult.txt",
			);
			runOnlyForDeploymentPostprocessing = 0;
			shellPath = /bin/sh;
			shellScript = "diff \"${PODS_PODFILE_DIR_PATH}/Podfile.lock\" \"${PODS_ROOT}/Manifest.lock\" > /dev/null\nif [ $? != 0 ] ; then\n    # print error to STDERR\n    echo \"error: The sandbox is not in sync with the Podfile.lock. Run 'pod install' or update your CocoaPods installation.\" >&2\n    exit 1\nfi\n# This output is used by Xcode 'outputs' to avoid re-running this script phase.\necho \"SUCCESS\" > \"${SCRIPT_OUTPUT_FILE_0}\"\n";
			showEnvVarsInLog = 0;
		};
		55667141265AD31D00E12EF9 /* R.Swift */ = {
			isa = PBXShellScriptBuildPhase;
			buildActionMask = 2147483647;
			files = (
			);
			inputFileListPaths = (
			);
			inputPaths = (
				"$TEMP_DIR/rswift-lastrun",
			);
			name = R.Swift;
			outputFileListPaths = (
			);
			outputPaths = (
				$SRCROOT/R.generated.swift,
			);
			runOnlyForDeploymentPostprocessing = 0;
			shellPath = /bin/sh;
			shellScript = "\"$PODS_ROOT/R.swift/rswift\" generate \"$SRCROOT/R.generated.swift\"\n";
		};
/* End PBXShellScriptBuildPhase section */

/* Begin PBXSourcesBuildPhase section */
		559F70F22659818D00EAE259 /* Sources */ = {
			isa = PBXSourcesBuildPhase;
			buildActionMask = 2147483647;
			files = (
				55667138265ACF2C00E12EF9 /* UIImageView+Extension.swift in Sources */,
				55667130265ACDC800E12EF9 /* CodableStructures.swift in Sources */,
				559F70FE2659818D00EAE259 /* ViewController.swift in Sources */,
				551CDFEA265C2667008DD945 /* CustomTableViewCell.swift in Sources */,
				5566712B265ACCA600E12EF9 /* SearchCityNameVC.swift in Sources */,
				551CDFC7265B86B6008DD945 /* SearchCityNameVM.swift in Sources */,
				55667140265AD2F400E12EF9 /* Router.swift in Sources */,
				551CDFE6265C083C008DD945 /* APIRequest.swift in Sources */,
				55667136265ACEEA00E12EF9 /* Int+Extension.swift in Sources */,
				55667143265AD39800E12EF9 /* R.generated.swift in Sources */,
				55667133265ACE1800E12EF9 /* CustomCollectionViewCell.swift in Sources */,
				559F7115265982E000EAE259 /* WeatherVC.swift in Sources */,
				551CDFDF265C03C6008DD945 /* Constants.swift in Sources */,
				551CDFE8265C1796008DD945 /* UIViewController+Extensions.swift in Sources */,
				5566712E265ACDA700E12EF9 /* AutoCompleteLocationCustomTableViewCell.swift in Sources */,
				55667145265AE36100E12EF9 /* Date+Extension.swift in Sources */,
				551CDFE5265C083C008DD945 /* APIConfiguration.swift in Sources */,
				559F71172659834700EAE259 /* ViewModel.swift in Sources */,
				559F70FA2659818D00EAE259 /* AppDelegate.swift in Sources */,
				551CDFE4265C083C008DD945 /* API.swift in Sources */,
				55667147265AE42100E12EF9 /* WeatherVM.swift in Sources */,
			);
			runOnlyForDeploymentPostprocessing = 0;
		};
/* End PBXSourcesBuildPhase section */

/* Begin PBXVariantGroup section */
		559F70FF2659818D00EAE259 /* Weather.storyboard */ = {
			isa = PBXVariantGroup;
			children = (
				559F71002659818D00EAE259 /* Base */,
			);
			name = Weather.storyboard;
			sourceTree = "<group>";
		};
		559F71042659819000EAE259 /* LaunchScreen.storyboard */ = {
			isa = PBXVariantGroup;
			children = (
				559F71052659819000EAE259 /* Base */,
			);
			name = LaunchScreen.storyboard;
			sourceTree = "<group>";
		};
/* End PBXVariantGroup section */

/* Begin XCBuildConfiguration section */
		559F71082659819000EAE259 /* Debug */ = {
			isa = XCBuildConfiguration;
			buildSettings = {
				ALWAYS_SEARCH_USER_PATHS = NO;
				CLANG_ANALYZER_NONNULL = YES;
				CLANG_ANALYZER_NUMBER_OBJECT_CONVERSION = YES_AGGRESSIVE;
				CLANG_CXX_LANGUAGE_STANDARD = "gnu++14";
				CLANG_CXX_LIBRARY = "libc++";
				CLANG_ENABLE_MODULES = YES;
				CLANG_ENABLE_OBJC_ARC = YES;
				CLANG_ENABLE_OBJC_WEAK = YES;
				CLANG_WARN_BLOCK_CAPTURE_AUTORELEASING = YES;
				CLANG_WARN_BOOL_CONVERSION = YES;
				CLANG_WARN_COMMA = YES;
				CLANG_WARN_CONSTANT_CONVERSION = YES;
				CLANG_WARN_DEPRECATED_OBJC_IMPLEMENTATIONS = YES;
				CLANG_WARN_DIRECT_OBJC_ISA_USAGE = YES_ERROR;
				CLANG_WARN_DOCUMENTATION_COMMENTS = YES;
				CLANG_WARN_EMPTY_BODY = YES;
				CLANG_WARN_ENUM_CONVERSION = YES;
				CLANG_WARN_INFINITE_RECURSION = YES;
				CLANG_WARN_INT_CONVERSION = YES;
				CLANG_WARN_NON_LITERAL_NULL_CONVERSION = YES;
				CLANG_WARN_OBJC_IMPLICIT_RETAIN_SELF = YES;
				CLANG_WARN_OBJC_LITERAL_CONVERSION = YES;
				CLANG_WARN_OBJC_ROOT_CLASS = YES_ERROR;
				CLANG_WARN_QUOTED_INCLUDE_IN_FRAMEWORK_HEADER = YES;
				CLANG_WARN_RANGE_LOOP_ANALYSIS = YES;
				CLANG_WARN_STRICT_PROTOTYPES = YES;
				CLANG_WARN_SUSPICIOUS_MOVE = YES;
				CLANG_WARN_UNGUARDED_AVAILABILITY = YES_AGGRESSIVE;
				CLANG_WARN_UNREACHABLE_CODE = YES;
				CLANG_WARN__DUPLICATE_METHOD_MATCH = YES;
				COPY_PHASE_STRIP = NO;
				DEBUG_INFORMATION_FORMAT = dwarf;
				ENABLE_STRICT_OBJC_MSGSEND = YES;
				ENABLE_TESTABILITY = YES;
				GCC_C_LANGUAGE_STANDARD = gnu11;
				GCC_DYNAMIC_NO_PIC = NO;
				GCC_NO_COMMON_BLOCKS = YES;
				GCC_OPTIMIZATION_LEVEL = 0;
				GCC_PREPROCESSOR_DEFINITIONS = (
					"DEBUG=1",
					"$(inherited)",
				);
				GCC_WARN_64_TO_32_BIT_CONVERSION = YES;
				GCC_WARN_ABOUT_RETURN_TYPE = YES_ERROR;
				GCC_WARN_UNDECLARED_SELECTOR = YES;
				GCC_WARN_UNINITIALIZED_AUTOS = YES_AGGRESSIVE;
				GCC_WARN_UNUSED_FUNCTION = YES;
				GCC_WARN_UNUSED_VARIABLE = YES;
				IPHONEOS_DEPLOYMENT_TARGET = 12.3;
				MTL_ENABLE_DEBUG_INFO = INCLUDE_SOURCE;
				MTL_FAST_MATH = YES;
				ONLY_ACTIVE_ARCH = YES;
				SDKROOT = iphoneos;
				SWIFT_ACTIVE_COMPILATION_CONDITIONS = DEBUG;
				SWIFT_OPTIMIZATION_LEVEL = "-Onone";
			};
			name = Debug;
		};
		559F71092659819000EAE259 /* Release */ = {
			isa = XCBuildConfiguration;
			buildSettings = {
				ALWAYS_SEARCH_USER_PATHS = NO;
				CLANG_ANALYZER_NONNULL = YES;
				CLANG_ANALYZER_NUMBER_OBJECT_CONVERSION = YES_AGGRESSIVE;
				CLANG_CXX_LANGUAGE_STANDARD = "gnu++14";
				CLANG_CXX_LIBRARY = "libc++";
				CLANG_ENABLE_MODULES = YES;
				CLANG_ENABLE_OBJC_ARC = YES;
				CLANG_ENABLE_OBJC_WEAK = YES;
				CLANG_WARN_BLOCK_CAPTURE_AUTORELEASING = YES;
				CLANG_WARN_BOOL_CONVERSION = YES;
				CLANG_WARN_COMMA = YES;
				CLANG_WARN_CONSTANT_CONVERSION = YES;
				CLANG_WARN_DEPRECATED_OBJC_IMPLEMENTATIONS = YES;
				CLANG_WARN_DIRECT_OBJC_ISA_USAGE = YES_ERROR;
				CLANG_WARN_DOCUMENTATION_COMMENTS = YES;
				CLANG_WARN_EMPTY_BODY = YES;
				CLANG_WARN_ENUM_CONVERSION = YES;
				CLANG_WARN_INFINITE_RECURSION = YES;
				CLANG_WARN_INT_CONVERSION = YES;
				CLANG_WARN_NON_LITERAL_NULL_CONVERSION = YES;
				CLANG_WARN_OBJC_IMPLICIT_RETAIN_SELF = YES;
				CLANG_WARN_OBJC_LITERAL_CONVERSION = YES;
				CLANG_WARN_OBJC_ROOT_CLASS = YES_ERROR;
				CLANG_WARN_QUOTED_INCLUDE_IN_FRAMEWORK_HEADER = YES;
				CLANG_WARN_RANGE_LOOP_ANALYSIS = YES;
				CLANG_WARN_STRICT_PROTOTYPES = YES;
				CLANG_WARN_SUSPICIOUS_MOVE = YES;
				CLANG_WARN_UNGUARDED_AVAILABILITY = YES_AGGRESSIVE;
				CLANG_WARN_UNREACHABLE_CODE = YES;
				CLANG_WARN__DUPLICATE_METHOD_MATCH = YES;
				COPY_PHASE_STRIP = NO;
				DEBUG_INFORMATION_FORMAT = "dwarf-with-dsym";
				ENABLE_NS_ASSERTIONS = NO;
				ENABLE_STRICT_OBJC_MSGSEND = YES;
				GCC_C_LANGUAGE_STANDARD = gnu11;
				GCC_NO_COMMON_BLOCKS = YES;
				GCC_WARN_64_TO_32_BIT_CONVERSION = YES;
				GCC_WARN_ABOUT_RETURN_TYPE = YES_ERROR;
				GCC_WARN_UNDECLARED_SELECTOR = YES;
				GCC_WARN_UNINITIALIZED_AUTOS = YES_AGGRESSIVE;
				GCC_WARN_UNUSED_FUNCTION = YES;
				GCC_WARN_UNUSED_VARIABLE = YES;
				IPHONEOS_DEPLOYMENT_TARGET = 12.3;
				MTL_ENABLE_DEBUG_INFO = NO;
				MTL_FAST_MATH = YES;
				SDKROOT = iphoneos;
				SWIFT_COMPILATION_MODE = wholemodule;
				SWIFT_OPTIMIZATION_LEVEL = "-O";
				VALIDATE_PRODUCT = YES;
			};
			name = Release;
		};
		559F710B2659819000EAE259 /* Debug */ = {
			isa = XCBuildConfiguration;
			baseConfigurationReference = A055884E8A360A2BA26F2311 /* Pods-WeatherApp.debug.xcconfig */;
			buildSettings = {
				ASSETCATALOG_COMPILER_APPICON_NAME = AppIcon;
				ASSETCATALOG_COMPILER_GLOBAL_ACCENT_COLOR_NAME = AccentColor;
				CODE_SIGN_STYLE = Automatic;
				DEVELOPMENT_ASSET_PATHS = WeatherApp/Resources/Assets.xcassets;
				DEVELOPMENT_TEAM = G879CH66J5;
				INFOPLIST_FILE = WeatherApp/Application/Info.plist;
				IPHONEOS_DEPLOYMENT_TARGET = 12.3;
				LD_RUNPATH_SEARCH_PATHS = (
					"$(inherited)",
					"@executable_path/Frameworks",
				);
				PRODUCT_BUNDLE_IDENTIFIER = com.NGSE.Test.WeatherApp;
				PRODUCT_NAME = "$(TARGET_NAME)";
				SWIFT_VERSION = 5.0;
				TARGETED_DEVICE_FAMILY = 1;
			};
			name = Debug;
		};
		559F710C2659819000EAE259 /* Release */ = {
			isa = XCBuildConfiguration;
			baseConfigurationReference = 820BCF639A747EFCD1529CAC /* Pods-WeatherApp.release.xcconfig */;
			buildSettings = {
				ASSETCATALOG_COMPILER_APPICON_NAME = AppIcon;
				ASSETCATALOG_COMPILER_GLOBAL_ACCENT_COLOR_NAME = AccentColor;
				CODE_SIGN_STYLE = Automatic;
				DEVELOPMENT_ASSET_PATHS = WeatherApp/Resources/Assets.xcassets;
				DEVELOPMENT_TEAM = G879CH66J5;
				INFOPLIST_FILE = WeatherApp/Application/Info.plist;
				IPHONEOS_DEPLOYMENT_TARGET = 12.3;
				LD_RUNPATH_SEARCH_PATHS = (
					"$(inherited)",
					"@executable_path/Frameworks",
				);
				PRODUCT_BUNDLE_IDENTIFIER = com.NGSE.Test.WeatherApp;
				PRODUCT_NAME = "$(TARGET_NAME)";
				SWIFT_VERSION = 5.0;
				TARGETED_DEVICE_FAMILY = 1;
			};
			name = Release;
		};
/* End XCBuildConfiguration section */

/* Begin XCConfigurationList section */
		559F70F12659818D00EAE259 /* Build configuration list for PBXProject "WeatherApp" */ = {
			isa = XCConfigurationList;
			buildConfigurations = (
				559F71082659819000EAE259 /* Debug */,
				559F71092659819000EAE259 /* Release */,
			);
			defaultConfigurationIsVisible = 0;
			defaultConfigurationName = Release;
		};
		559F710A2659819000EAE259 /* Build configuration list for PBXNativeTarget "WeatherApp" */ = {
			isa = XCConfigurationList;
			buildConfigurations = (
				559F710B2659819000EAE259 /* Debug */,
				559F710C2659819000EAE259 /* Release */,
			);
			defaultConfigurationIsVisible = 0;
			defaultConfigurationName = Release;
		};
/* End XCConfigurationList section */
	};
	rootObject = 559F70EE2659818D00EAE259 /* Project object */;
}
